
Microsoft Visual Studio Solution File, Format Version 12.00
# Visual Studio 14
VisualStudioVersion = 14.0.25420.1
MinimumVisualStudioVersion = 10.0.40219.1
Project("{FAE04EC0-301F-11D3-BF4B-00C04F79EFBC}") = "Navegador", "Navegador\Navegador.csproj", "{B331D53A-DE48-4CA4-B513-335CF393BD92}"
EndProject
Global
	GlobalSection(SolutionConfigurationPlatforms) = preSolution
		Debug|Any CPU = Debug|Any CPU
		Release|Any CPU = Release|Any CPU
	EndGlobalSection
	GlobalSection(ProjectConfigurationPlatforms) = postSolution
		{B331D53A-DE48-4CA4-B513-335CF393BD92}.Debug|Any CPU.ActiveCfg = Debug|Any CPU
		{B331D53A-DE48-4CA4-B513-335CF393BD92}.Debug|Any CPU.Build.0 = Debug|Any CPU
		{B331D53A-DE48-4CA4-B513-335CF393BD92}.Release|Any CPU.ActiveCfg = Release|Any CPU
		{B331D53A-DE48-4CA4-B513-335CF393BD92}.Release|Any CPU.Build.0 = Release|Any CPU
	EndGlobalSection
	GlobalSection(SolutionProperties) = preSolution
		HideSolutionNode = FALSE
	EndGlobalSection
EndGlobal
